// !$*UTF8*$!
{
	archiveVersion = 1;
	classes = {
	};
	objectVersion = 48;
	objects = {

/* Begin PBXBuildFile section */
		4CD6DBF9207B183A005C23B3 /* AppDelegate.m in Sources */ = {isa = PBXBuildFile; fileRef = 4CD6DBF8207B183A005C23B3 /* AppDelegate.m */; };
		4CD6DBFC207B183A005C23B3 /* ViewController.m in Sources */ = {isa = PBXBuildFile; fileRef = 4CD6DBFB207B183A005C23B3 /* ViewController.m */; };
		4CD6DBFF207B183A005C23B3 /* Main.storyboard in Resources */ = {isa = PBXBuildFile; fileRef = 4CD6DBFD207B183A005C23B3 /* Main.storyboard */; };
		4CD6DC01207B183A005C23B3 /* Assets.xcassets in Resources */ = {isa = PBXBuildFile; fileRef = 4CD6DC00207B183A005C23B3 /* Assets.xcassets */; };
		4CD6DC04207B183A005C23B3 /* LaunchScreen.storyboard in Resources */ = {isa = PBXBuildFile; fileRef = 4CD6DC02207B183A005C23B3 /* LaunchScreen.storyboard */; };
		4CD6DC07207B183A005C23B3 /* main.m in Sources */ = {isa = PBXBuildFile; fileRef = 4CD6DC06207B183A005C23B3 /* main.m */; };
		4CD6DC11207B183A005C23B3 /* Lesson02Tests.m in Sources */ = {isa = PBXBuildFile; fileRef = 4CD6DC10207B183A005C23B3 /* Lesson02Tests.m */; };
		4CD6DC1C207B183A005C23B3 /* Lesson02UITests.m in Sources */ = {isa = PBXBuildFile; fileRef = 4CD6DC1B207B183A005C23B3 /* Lesson02UITests.m */; };
		4CD6DC33207B199E005C23B3 /* UserModel.m in Sources */ = {isa = PBXBuildFile; fileRef = 4CD6DC32207B199E005C23B3 /* UserModel.m */; };
/* End PBXBuildFile section */

/* Begin PBXContainerItemProxy section */
		4CD6DC0D207B183A005C23B3 /* PBXContainerItemProxy */ = {
			isa = PBXContainerItemProxy;
			containerPortal = 4CD6DBEC207B183A005C23B3 /* Project object */;
			proxyType = 1;
			remoteGlobalIDString = 4CD6DBF3207B183A005C23B3;
			remoteInfo = Lesson02;
		};
		4CD6DC18207B183A005C23B3 /* PBXContainerItemProxy */ = {
			isa = PBXContainerItemProxy;
			containerPortal = 4CD6DBEC207B183A005C23B3 /* Project object */;
			proxyType = 1;
			remoteGlobalIDString = 4CD6DBF3207B183A005C23B3;
			remoteInfo = Lesson02;
		};
/* End PBXContainerItemProxy section */

/* Begin PBXFileReference section */
		4CD6DBF4207B183A005C23B3 /* Lesson02.app */ = {isa = PBXFileReference; explicitFileType = wrapper.application; includeInIndex = 0; path = Lesson02.app; sourceTree = BUILT_PRODUCTS_DIR; };
		4CD6DBF7207B183A005C23B3 /* AppDelegate.h */ = {isa = PBXFileReference; lastKnownFileType = sourcecode.c.h; path = AppDelegate.h; sourceTree = "<group>"; };
		4CD6DBF8207B183A005C23B3 /* AppDelegate.m */ = {isa = PBXFileReference; lastKnownFileType = sourcecode.c.objc; path = AppDelegate.m; sourceTree = "<group>"; };
		4CD6DBFA207B183A005C23B3 /* ViewController.h */ = {isa = PBXFileReference; lastKnownFileType = sourcecode.c.h; path = ViewController.h; sourceTree = "<group>"; };
		4CD6DBFB207B183A005C23B3 /* ViewController.m */ = {isa = PBXFileReference; lastKnownFileType = sourcecode.c.objc; path = ViewController.m; sourceTree = "<group>"; };
		4CD6DBFE207B183A005C23B3 /* Base */ = {isa = PBXFileReference; lastKnownFileType = file.storyboard; name = Base; path = Base.lproj/Main.storyboard; sourceTree = "<group>"; };
		4CD6DC00207B183A005C23B3 /* Assets.xcassets */ = {isa = PBXFileReference; lastKnownFileType = folder.assetcatalog; path = Assets.xcassets; sourceTree = "<group>"; };
		4CD6DC03207B183A005C23B3 /* Base */ = {isa = PBXFileReference; lastKnownFileType = file.storyboard; name = Base; path = Base.lproj/LaunchScreen.storyboard; sourceTree = "<group>"; };
		4CD6DC05207B183A005C23B3 /* Info.plist */ = {isa = PBXFileReference; lastKnownFileType = text.plist.xml; path = Info.plist; sourceTree = "<group>"; };
		4CD6DC06207B183A005C23B3 /* main.m */ = {isa = PBXFileReference; lastKnownFileType = sourcecode.c.objc; path = main.m; sourceTree = "<group>"; };
		4CD6DC0C207B183A005C23B3 /* Lesson02Tests.xctest */ = {isa = PBXFileReference; explicitFileType = wrapper.cfbundle; includeInIndex = 0; path = Lesson02Tests.xctest; sourceTree = BUILT_PRODUCTS_DIR; };
		4CD6DC10207B183A005C23B3 /* Lesson02Tests.m */ = {isa = PBXFileReference; lastKnownFileType = sourcecode.c.objc; path = Lesson02Tests.m; sourceTree = "<group>"; };
		4CD6DC12207B183A005C23B3 /* Info.plist */ = {isa = PBXFileReference; lastKnownFileType = text.plist.xml; path = Info.plist; sourceTree = "<group>"; };
		4CD6DC17207B183A005C23B3 /* Lesson02UITests.xctest */ = {isa = PBXFileReference; explicitFileType = wrapper.cfbundle; includeInIndex = 0; path = Lesson02UITests.xctest; sourceTree = BUILT_PRODUCTS_DIR; };
		4CD6DC1B207B183A005C23B3 /* Lesson02UITests.m */ = {isa = PBXFileReference; lastKnownFileType = sourcecode.c.objc; path = Lesson02UITests.m; sourceTree = "<group>"; };
		4CD6DC1D207B183A005C23B3 /* Info.plist */ = {isa = PBXFileReference; lastKnownFileType = text.plist.xml; path = Info.plist; sourceTree = "<group>"; };
		4CD6DC31207B199E005C23B3 /* UserModel.h */ = {isa = PBXFileReference; lastKnownFileType = sourcecode.c.h; path = UserModel.h; sourceTree = "<group>"; };
		4CD6DC32207B199E005C23B3 /* UserModel.m */ = {isa = PBXFileReference; lastKnownFileType = sourcecode.c.objc; path = UserModel.m; sourceTree = "<group>"; };
		4CD6DC35207B209B005C23B3 /* Define.h */ = {isa = PBXFileReference; lastKnownFileType = sourcecode.c.h; path = Define.h; sourceTree = "<group>"; };
/* End PBXFileReference section */

/* Begin PBXFrameworksBuildPhase section */
		4CD6DBF1207B183A005C23B3 /* Frameworks */ = {
			isa = PBXFrameworksBuildPhase;
			buildActionMask = 2147483647;
			files = (
			);
			runOnlyForDeploymentPostprocessing = 0;
		};
		4CD6DC09207B183A005C23B3 /* Frameworks */ = {
			isa = PBXFrameworksBuildPhase;
			buildActionMask = 2147483647;
			files = (
			);
			runOnlyForDeploymentPostprocessing = 0;
		};
		4CD6DC14207B183A005C23B3 /* Frameworks */ = {
			isa = PBXFrameworksBuildPhase;
			buildActionMask = 2147483647;
			files = (
			);
			runOnlyForDeploymentPostprocessing = 0;
		};
/* End PBXFrameworksBuildPhase section */

/* Begin PBXGroup section */
		4C92DAE1207C4D41002CFFAA /* UserViewController */ = {
			isa = PBXGroup;
			children = (
			);
			path = UserViewController;
			sourceTree = "<group>";
		};
		4CD6DBEB207B183A005C23B3 = {
			isa = PBXGroup;
			children = (
				4CD6DBF6207B183A005C23B3 /* Lesson02 */,
				4CD6DC0F207B183A005C23B3 /* Lesson02Tests */,
				4CD6DC1A207B183A005C23B3 /* Lesson02UITests */,
				4CD6DBF5207B183A005C23B3 /* Products */,
			);
			sourceTree = "<group>";
		};
		4CD6DBF5207B183A005C23B3 /* Products */ = {
			isa = PBXGroup;
			children = (
				4CD6DBF4207B183A005C23B3 /* Lesson02.app */,
				4CD6DC0C207B183A005C23B3 /* Lesson02Tests.xctest */,
				4CD6DC17207B183A005C23B3 /* Lesson02UITests.xctest */,
			);
			name = Products;
			sourceTree = "<group>";
		};
		4CD6DBF6207B183A005C23B3 /* Lesson02 */ = {
			isa = PBXGroup;
			children = (
				4CD6DC34207B2085005C23B3 /* Common */,
				4CD6DC30207B1948005C23B3 /* Model */,
				4CD6DC2B207B18C0005C23B3 /* ViewController */,
				4CD6DBF7207B183A005C23B3 /* AppDelegate.h */,
				4CD6DBF8207B183A005C23B3 /* AppDelegate.m */,
				4CD6DBFD207B183A005C23B3 /* Main.storyboard */,
				4CD6DC00207B183A005C23B3 /* Assets.xcassets */,
				4CD6DC02207B183A005C23B3 /* LaunchScreen.storyboard */,
				4CD6DC05207B183A005C23B3 /* Info.plist */,
				4CD6DC06207B183A005C23B3 /* main.m */,
			);
			path = Lesson02;
			sourceTree = "<group>";
		};
		4CD6DC0F207B183A005C23B3 /* Lesson02Tests */ = {
			isa = PBXGroup;
			children = (
				4CD6DC10207B183A005C23B3 /* Lesson02Tests.m */,
				4CD6DC12207B183A005C23B3 /* Info.plist */,
			);
			path = Lesson02Tests;
			sourceTree = "<group>";
		};
		4CD6DC1A207B183A005C23B3 /* Lesson02UITests */ = {
			isa = PBXGroup;
			children = (
				4CD6DC1B207B183A005C23B3 /* Lesson02UITests.m */,
				4CD6DC1D207B183A005C23B3 /* Info.plist */,
			);
			path = Lesson02UITests;
			sourceTree = "<group>";
		};
		4CD6DC2B207B18C0005C23B3 /* ViewController */ = {
			isa = PBXGroup;
			children = (
				4C92DAE1207C4D41002CFFAA /* UserViewController */,
				4CD6DC2F207B192B005C23B3 /* ViewController */,
			);
			path = ViewController;
			sourceTree = "<group>";
		};
		4CD6DC2F207B192B005C23B3 /* ViewController */ = {
			isa = PBXGroup;
			children = (
				4CD6DBFA207B183A005C23B3 /* ViewController.h */,
				4CD6DBFB207B183A005C23B3 /* ViewController.m */,
			);
			path = ViewController;
			sourceTree = "<group>";
		};
		4CD6DC30207B1948005C23B3 /* Model */ = {
			isa = PBXGroup;
			children = (
				4CD6DC31207B199E005C23B3 /* UserModel.h */,
				4CD6DC32207B199E005C23B3 /* UserModel.m */,
			);
			path = Model;
			sourceTree = "<group>";
		};
		4CD6DC34207B2085005C23B3 /* Common */ = {
			isa = PBXGroup;
			children = (
				4CD6DC35207B209B005C23B3 /* Define.h */,
			);
			path = Common;
			sourceTree = "<group>";
		};
/* End PBXGroup section */

/* Begin PBXNativeTarget section */
		4CD6DBF3207B183A005C23B3 /* Lesson02 */ = {
			isa = PBXNativeTarget;
			buildConfigurationList = 4CD6DC20207B183A005C23B3 /* Build configuration list for PBXNativeTarget "Lesson02" */;
			buildPhases = (
				4CD6DBF0207B183A005C23B3 /* Sources */,
				4CD6DBF1207B183A005C23B3 /* Frameworks */,
				4CD6DBF2207B183A005C23B3 /* Resources */,
			);
			buildRules = (
			);
			dependencies = (
			);
			name = Lesson02;
			productName = Lesson02;
			productReference = 4CD6DBF4207B183A005C23B3 /* Lesson02.app */;
			productType = "com.apple.product-type.application";
		};
		4CD6DC0B207B183A005C23B3 /* Lesson02Tests */ = {
			isa = PBXNativeTarget;
			buildConfigurationList = 4CD6DC23207B183A005C23B3 /* Build configuration list for PBXNativeTarget "Lesson02Tests" */;
			buildPhases = (
				4CD6DC08207B183A005C23B3 /* Sources */,
				4CD6DC09207B183A005C23B3 /* Frameworks */,
				4CD6DC0A207B183A005C23B3 /* Resources */,
			);
			buildRules = (
			);
			dependencies = (
				4CD6DC0E207B183A005C23B3 /* PBXTargetDependency */,
			);
			name = Lesson02Tests;
			productName = Lesson02Tests;
			productReference = 4CD6DC0C207B183A005C23B3 /* Lesson02Tests.xctest */;
			productType = "com.apple.product-type.bundle.unit-test";
		};
		4CD6DC16207B183A005C23B3 /* Lesson02UITests */ = {
			isa = PBXNativeTarget;
			buildConfigurationList = 4CD6DC26207B183A005C23B3 /* Build configuration list for PBXNativeTarget "Lesson02UITests" */;
			buildPhases = (
				4CD6DC13207B183A005C23B3 /* Sources */,
				4CD6DC14207B183A005C23B3 /* Frameworks */,
				4CD6DC15207B183A005C23B3 /* Resources */,
			);
			buildRules = (
			);
			dependencies = (
				4CD6DC19207B183A005C23B3 /* PBXTargetDependency */,
			);
			name = Lesson02UITests;
			productName = Lesson02UITests;
			productReference = 4CD6DC17207B183A005C23B3 /* Lesson02UITests.xctest */;
			productType = "com.apple.product-type.bundle.ui-testing";
		};
/* End PBXNativeTarget section */

/* Begin PBXProject section */
		4CD6DBEC207B183A005C23B3 /* Project object */ = {
			isa = PBXProject;
			attributes = {
				LastUpgradeCheck = 0910;
				ORGANIZATIONNAME = "Nguyen Xuan Hung";
				TargetAttributes = {
					4CD6DBF3207B183A005C23B3 = {
						CreatedOnToolsVersion = 9.1;
						ProvisioningStyle = Automatic;
					};
					4CD6DC0B207B183A005C23B3 = {
						CreatedOnToolsVersion = 9.1;
						ProvisioningStyle = Automatic;
						TestTargetID = 4CD6DBF3207B183A005C23B3;
					};
					4CD6DC16207B183A005C23B3 = {
						CreatedOnToolsVersion = 9.1;
						ProvisioningStyle = Automatic;
						TestTargetID = 4CD6DBF3207B183A005C23B3;
					};
				};
			};
			buildConfigurationList = 4CD6DBEF207B183A005C23B3 /* Build configuration list for PBXProject "Lesson02" */;
			compatibilityVersion = "Xcode 8.0";
			developmentRegion = en;
			hasScannedForEncodings = 0;
			knownRegions = (
				en,
				Base,
			);
			mainGroup = 4CD6DBEB207B183A005C23B3;
			productRefGroup = 4CD6DBF5207B183A005C23B3 /* Products */;
			projectDirPath = "";
			projectRoot = "";
			targets = (
				4CD6DBF3207B183A005C23B3 /* Lesson02 */,
				4CD6DC0B207B183A005C23B3 /* Lesson02Tests */,
				4CD6DC16207B183A005C23B3 /* Lesson02UITests */,
			);
		};
/* End PBXProject section */

/* Begin PBXResourcesBuildPhase section */
		4CD6DBF2207B183A005C23B3 /* Resources */ = {
			isa = PBXResourcesBuildPhase;
			buildActionMask = 2147483647;
			files = (
				4CD6DC04207B183A005C23B3 /* LaunchScreen.storyboard in Resources */,
				4CD6DC01207B183A005C23B3 /* Assets.xcassets in Resources */,
				4CD6DBFF207B183A005C23B3 /* Main.storyboard in Resources */,
			);
			runOnlyForDeploymentPostprocessing = 0;
		};
		4CD6DC0A207B183A005C23B3 /* Resources */ = {
			isa = PBXResourcesBuildPhase;
			buildActionMask = 2147483647;
			files = (
			);
			runOnlyForDeploymentPostprocessing = 0;
		};
		4CD6DC15207B183A005C23B3 /* Resources */ = {
			isa = PBXResourcesBuildPhase;
			buildActionMask = 2147483647;
			files = (
			);
			runOnlyForDeploymentPostprocessing = 0;
		};
/* End PBXResourcesBuildPhase section */

/* Begin PBXSourcesBuildPhase section */
		4CD6DBF0207B183A005C23B3 /* Sources */ = {
			isa = PBXSourcesBuildPhase;
			buildActionMask = 2147483647;
			files = (
				4CD6DBFC207B183A005C23B3 /* ViewController.m in Sources */,
				4CD6DC07207B183A005C23B3 /* main.m in Sources */,
				4CD6DC33207B199E005C23B3 /* UserModel.m in Sources */,
				4CD6DBF9207B183A005C23B3 /* AppDelegate.m in Sources */,
			);
			runOnlyForDeploymentPostprocessing = 0;
		};
		4CD6DC08207B183A005C23B3 /* Sources */ = {
			isa = PBXSourcesBuildPhase;
			buildActionMask = 2147483647;
			files = (
				4CD6DC11207B183A005C23B3 /* Lesson02Tests.m in Sources */,
			);
			runOnlyForDeploymentPostprocessing = 0;
		};
		4CD6DC13207B183A005C23B3 /* Sources */ = {
			isa = PBXSourcesBuildPhase;
			buildActionMask = 2147483647;
			files = (
				4CD6DC1C207B183A005C23B3 /* Lesson02UITests.m in Sources */,
			);
			runOnlyForDeploymentPostprocessing = 0;
		};
/* End PBXSourcesBuildPhase section */

/* Begin PBXTargetDependency section */
		4CD6DC0E207B183A005C23B3 /* PBXTargetDependency */ = {
			isa = PBXTargetDependency;
			target = 4CD6DBF3207B183A005C23B3 /* Lesson02 */;
			targetProxy = 4CD6DC0D207B183A005C23B3 /* PBXContainerItemProxy */;
		};
		4CD6DC19207B183A005C23B3 /* PBXTargetDependency */ = {
			isa = PBXTargetDependency;
			target = 4CD6DBF3207B183A005C23B3 /* Lesson02 */;
			targetProxy = 4CD6DC18207B183A005C23B3 /* PBXContainerItemProxy */;
		};
/* End PBXTargetDependency section */

/* Begin PBXVariantGroup section */
		4CD6DBFD207B183A005C23B3 /* Main.storyboard */ = {
			isa = PBXVariantGroup;
			children = (
				4CD6DBFE207B183A005C23B3 /* Base */,
			);
			name = Main.storyboard;
			sourceTree = "<group>";
		};
		4CD6DC02207B183A005C23B3 /* LaunchScreen.storyboard */ = {
			isa = PBXVariantGroup;
			children = (
				4CD6DC03207B183A005C23B3 /* Base */,
			);
			name = LaunchScreen.storyboard;
			sourceTree = "<group>";
		};
/* End PBXVariantGroup section */

/* Begin XCBuildConfiguration section */
		4CD6DC1E207B183A005C23B3 /* Debug */ = {
			isa = XCBuildConfiguration;
			buildSettings = {
				ALWAYS_SEARCH_USER_PATHS = NO;
				CLANG_ANALYZER_NONNULL = YES;
				CLANG_ANALYZER_NUMBER_OBJECT_CONVERSION = YES_AGGRESSIVE;
				CLANG_CXX_LANGUAGE_STANDARD = "gnu++14";
				CLANG_CXX_LIBRARY = "libc++";
				CLANG_ENABLE_MODULES = YES;
				CLANG_ENABLE_OBJC_ARC = YES;
				CLANG_WARN_BLOCK_CAPTURE_AUTORELEASING = YES;
				CLANG_WARN_BOOL_CONVERSION = YES;
				CLANG_WARN_COMMA = YES;
				CLANG_WARN_CONSTANT_CONVERSION = YES;
				CLANG_WARN_DIRECT_OBJC_ISA_USAGE = YES_ERROR;
				CLANG_WARN_DOCUMENTATION_COMMENTS = YES;
				CLANG_WARN_EMPTY_BODY = YES;
				CLANG_WARN_ENUM_CONVERSION = YES;
				CLANG_WARN_INFINITE_RECURSION = YES;
				CLANG_WARN_INT_CONVERSION = YES;
				CLANG_WARN_NON_LITERAL_NULL_CONVERSION = YES;
				CLANG_WARN_OBJC_LITERAL_CONVERSION = YES;
				CLANG_WARN_OBJC_ROOT_CLASS = YES_ERROR;
				CLANG_WARN_RANGE_LOOP_ANALYSIS = YES;
				CLANG_WARN_STRICT_PROTOTYPES = YES;
				CLANG_WARN_SUSPICIOUS_MOVE = YES;
				CLANG_WARN_UNGUARDED_AVAILABILITY = YES_AGGRESSIVE;
				CLANG_WARN_UNREACHABLE_CODE = YES;
				CLANG_WARN__DUPLICATE_METHOD_MATCH = YES;
				CODE_SIGN_IDENTITY = "iPhone Developer";
				COPY_PHASE_STRIP = NO;
				DEBUG_INFORMATION_FORMAT = dwarf;
				ENABLE_STRICT_OBJC_MSGSEND = YES;
				ENABLE_TESTABILITY = YES;
				GCC_C_LANGUAGE_STANDARD = gnu11;
				GCC_DYNAMIC_NO_PIC = NO;
				GCC_NO_COMMON_BLOCKS = YES;
				GCC_OPTIMIZATION_LEVEL = 0;
				GCC_PREPROCESSOR_DEFINITIONS = (
					"DEBUG=1",
					"$(inherited)",
				);
				GCC_WARN_64_TO_32_BIT_CONVERSION = YES;
				GCC_WARN_ABOUT_RETURN_TYPE = YES_ERROR;
				GCC_WARN_UNDECLARED_SELECTOR = YES;
				GCC_WARN_UNINITIALIZED_AUTOS = YES_AGGRESSIVE;
				GCC_WARN_UNUSED_FUNCTION = YES;
				GCC_WARN_UNUSED_VARIABLE = YES;
				IPHONEOS_DEPLOYMENT_TARGET = 11.1;
				MTL_ENABLE_DEBUG_INFO = YES;
				ONLY_ACTIVE_ARCH = YES;
				SDKROOT = iphoneos;
			};
			name = Debug;
		};
		4CD6DC1F207B183A005C23B3 /* Release */ = {
			isa = XCBuildConfiguration;
			buildSettings = {
				ALWAYS_SEARCH_USER_PATHS = NO;
				CLANG_ANALYZER_NONNULL = YES;
				CLANG_ANALYZER_NUMBER_OBJECT_CONVERSION = YES_AGGRESSIVE;
				CLANG_CXX_LANGUAGE_STANDARD = "gnu++14";
				CLANG_CXX_LIBRARY = "libc++";
				CLANG_ENABLE_MODULES = YES;
				CLANG_ENABLE_OBJC_ARC = YES;
				CLANG_WARN_BLOCK_CAPTURE_AUTORELEASING = YES;
				CLANG_WARN_BOOL_CONVERSION = YES;
				CLANG_WARN_COMMA = YES;
				CLANG_WARN_CONSTANT_CONVERSION = YES;
				CLANG_WARN_DIRECT_OBJC_ISA_USAGE = YES_ERROR;
				CLANG_WARN_DOCUMENTATION_COMMENTS = YES;
				CLANG_WARN_EMPTY_BODY = YES;
				CLANG_WARN_ENUM_CONVERSION = YES;
				CLANG_WARN_INFINITE_RECURSION = YES;
				CLANG_WARN_INT_CONVERSION = YES;
				CLANG_WARN_NON_LITERAL_NULL_CONVERSION = YES;
				CLANG_WARN_OBJC_LITERAL_CONVERSION = YES;
				CLANG_WARN_OBJC_ROOT_CLASS = YES_ERROR;
				CLANG_WARN_RANGE_LOOP_ANALYSIS = YES;
				CLANG_WARN_STRICT_PROTOTYPES = YES;
				CLANG_WARN_SUSPICIOUS_MOVE = YES;
				CLANG_WARN_UNGUARDED_AVAILABILITY = YES_AGGRESSIVE;
				CLANG_WARN_UNREACHABLE_CODE = YES;
				CLANG_WARN__DUPLICATE_METHOD_MATCH = YES;
				CODE_SIGN_IDENTITY = "iPhone Developer";
				COPY_PHASE_STRIP = NO;
				DEBUG_INFORMATION_FORMAT = "dwarf-with-dsym";
				ENABLE_NS_ASSERTIONS = NO;
				ENABLE_STRICT_OBJC_MSGSEND = YES;
				GCC_C_LANGUAGE_STANDARD = gnu11;
				GCC_NO_COMMON_BLOCKS = YES;
				GCC_WARN_64_TO_32_BIT_CONVERSION = YES;
				GCC_WARN_ABOUT_RETURN_TYPE = YES_ERROR;
				GCC_WARN_UNDECLARED_SELECTOR = YES;
				GCC_WARN_UNINITIALIZED_AUTOS = YES_AGGRESSIVE;
				GCC_WARN_UNUSED_FUNCTION = YES;
				GCC_WARN_UNUSED_VARIABLE = YES;
				IPHONEOS_DEPLOYMENT_TARGET = 11.1;
				MTL_ENABLE_DEBUG_INFO = NO;
				SDKROOT = iphoneos;
				VALIDATE_PRODUCT = YES;
			};
			name = Release;
		};
		4CD6DC21207B183A005C23B3 /* Debug */ = {
			isa = XCBuildConfiguration;
			buildSettings = {
				ASSETCATALOG_COMPILER_APPICON_NAME = AppIcon;
				CODE_SIGN_STYLE = Automatic;
				DEVELOPMENT_TEAM = MF396VKW87;
				INFOPLIST_FILE = Lesson02/Info.plist;
				LD_RUNPATH_SEARCH_PATHS = "$(inherited) @executable_path/Frameworks";
				PRODUCT_BUNDLE_IDENTIFIER = test.Lesson02;
				PRODUCT_NAME = "$(TARGET_NAME)";
				TARGETED_DEVICE_FAMILY = "1,2";
			};
			name = Debug;
		};
		4CD6DC22207B183A005C23B3 /* Release */ = {
			isa = XCBuildConfiguration;
			buildSettings = {
				ASSETCATALOG_COMPILER_APPICON_NAME = AppIcon;
				CODE_SIGN_STYLE = Automatic;
				DEVELOPMENT_TEAM = MF396VKW87;
				INFOPLIST_FILE = Lesson02/Info.plist;
				LD_RUNPATH_SEARCH_PATHS = "$(inherited) @executable_path/Frameworks";
				PRODUCT_BUNDLE_IDENTIFIER = test.Lesson02;
				PRODUCT_NAME = "$(TARGET_NAME)";
				TARGETED_DEVICE_FAMILY = "1,2";
			};
			name = Release;
		};
		4CD6DC24207B183A005C23B3 /* Debug */ = {
			isa = XCBuildConfiguration;
			buildSettings = {
				BUNDLE_LOADER = "$(TEST_HOST)";
				CODE_SIGN_STYLE = Automatic;
				DEVELOPMENT_TEAM = MF396VKW87;
				INFOPLIST_FILE = Lesson02Tests/Info.plist;
				LD_RUNPATH_SEARCH_PATHS = "$(inherited) @executable_path/Frameworks @loader_path/Frameworks";
				PRODUCT_BUNDLE_IDENTIFIER = test.Lesson02Tests;
				PRODUCT_NAME = "$(TARGET_NAME)";
				TARGETED_DEVICE_FAMILY = "1,2";
				TEST_HOST = "$(BUILT_PRODUCTS_DIR)/Lesson02.app/Lesson02";
			};
			name = Debug;
		};
		4CD6DC25207B183A005C23B3 /* Release */ = {
			isa = XCBuildConfiguration;
			buildSettings = {
				BUNDLE_LOADER = "$(TEST_HOST)";
				CODE_SIGN_STYLE = Automatic;
				DEVELOPMENT_TEAM = MF396VKW87;
				INFOPLIST_FILE = Lesson02Tests/Info.plist;
				LD_RUNPATH_SEARCH_PATHS = "$(inherited) @executable_path/Frameworks @loader_path/Frameworks";
				PRODUCT_BUNDLE_IDENTIFIER = test.Lesson02Tests;
				PRODUCT_NAME = "$(TARGET_NAME)";
				TARGETED_DEVICE_FAMILY = "1,2";
				TEST_HOST = "$(BUILT_PRODUCTS_DIR)/Lesson02.app/Lesson02";
			};
			name = Release;
		};
		4CD6DC27207B183A005C23B3 /* Debug */ = {
			isa = XCBuildConfiguration;
			buildSettings = {
				CODE_SIGN_STYLE = Automatic;
				DEVELOPMENT_TEAM = MF396VKW87;
				INFOPLIST_FILE = Lesson02UITests/Info.plist;
				LD_RUNPATH_SEARCH_PATHS = "$(inherited) @executable_path/Frameworks @loader_path/Frameworks";
				PRODUCT_BUNDLE_IDENTIFIER = test.Lesson02UITests;
				PRODUCT_NAME = "$(TARGET_NAME)";
				TARGETED_DEVICE_FAMILY = "1,2";
				TEST_TARGET_NAME = Lesson02;
			};
			name = Debug;
		};
		4CD6DC28207B183A005C23B3 /* Release */ = {
			isa = XCBuildConfiguration;
			buildSettings = {
				CODE_SIGN_STYLE = Automatic;
				DEVELOPMENT_TEAM = MF396VKW87;
				INFOPLIST_FILE = Lesson02UITests/Info.plist;
				LD_RUNPATH_SEARCH_PATHS = "$(inherited) @executable_path/Frameworks @loader_path/Frameworks";
				PRODUCT_BUNDLE_IDENTIFIER = test.Lesson02UITests;
				PRODUCT_NAME = "$(TARGET_NAME)";
				TARGETED_DEVICE_FAMILY = "1,2";
				TEST_TARGET_NAME = Lesson02;
			};
			name = Release;
		};
/* End XCBuildConfiguration section */

/* Begin XCConfigurationList section */
		4CD6DBEF207B183A005C23B3 /* Build configuration list for PBXProject "Lesson02" */ = {
			isa = XCConfigurationList;
			buildConfigurations = (
				4CD6DC1E207B183A005C23B3 /* Debug */,
				4CD6DC1F207B183A005C23B3 /* Release */,
			);
			defaultConfigurationIsVisible = 0;
			defaultConfigurationName = Release;
		};
		4CD6DC20207B183A005C23B3 /* Build configuration list for PBXNativeTarget "Lesson02" */ = {
			isa = XCConfigurationList;
			buildConfigurations = (
				4CD6DC21207B183A005C23B3 /* Debug */,
				4CD6DC22207B183A005C23B3 /* Release */,
			);
			defaultConfigurationIsVisible = 0;
			defaultConfigurationName = Release;
		};
		4CD6DC23207B183A005C23B3 /* Build configuration list for PBXNativeTarget "Lesson02Tests" */ = {
			isa = XCConfigurationList;
			buildConfigurations = (
				4CD6DC24207B183A005C23B3 /* Debug */,
				4CD6DC25207B183A005C23B3 /* Release */,
			);
			defaultConfigurationIsVisible = 0;
			defaultConfigurationName = Release;
		};
		4CD6DC26207B183A005C23B3 /* Build configuration list for PBXNativeTarget "Lesson02UITests" */ = {
			isa = XCConfigurationList;
			buildConfigurations = (
				4CD6DC27207B183A005C23B3 /* Debug */,
				4CD6DC28207B183A005C23B3 /* Release */,
			);
			defaultConfigurationIsVisible = 0;
			defaultConfigurationName = Release;
		};
/* End XCConfigurationList section */
	};
	rootObject = 4CD6DBEC207B183A005C23B3 /* Project object */;
}
