// !$*UTF8*$!
{
	archiveVersion = 1;
	classes = {
	};
	objectVersion = 48;
	objects = {

/* Begin PBXBuildFile section */
		4C189DFB207477290087EF01 /* AppDelegate.m in Sources */ = {isa = PBXBuildFile; fileRef = 4C189DFA207477290087EF01 /* AppDelegate.m */; };
		4C189DFE207477290087EF01 /* ViewController.m in Sources */ = {isa = PBXBuildFile; fileRef = 4C189DFD207477290087EF01 /* ViewController.m */; };
		4C189E01207477290087EF01 /* Main.storyboard in Resources */ = {isa = PBXBuildFile; fileRef = 4C189DFF207477290087EF01 /* Main.storyboard */; };
		4C189E03207477290087EF01 /* Assets.xcassets in Resources */ = {isa = PBXBuildFile; fileRef = 4C189E02207477290087EF01 /* Assets.xcassets */; };
		4C189E06207477290087EF01 /* LaunchScreen.storyboard in Resources */ = {isa = PBXBuildFile; fileRef = 4C189E04207477290087EF01 /* LaunchScreen.storyboard */; };
		4C189E09207477290087EF01 /* main.m in Sources */ = {isa = PBXBuildFile; fileRef = 4C189E08207477290087EF01 /* main.m */; };
		4C189E13207477290087EF01 /* Lession01Tests.m in Sources */ = {isa = PBXBuildFile; fileRef = 4C189E12207477290087EF01 /* Lession01Tests.m */; };
		4C189E1E207477290087EF01 /* Lession01UITests.m in Sources */ = {isa = PBXBuildFile; fileRef = 4C189E1D207477290087EF01 /* Lession01UITests.m */; };
		4C189E2D207479590087EF01 /* DemoViewController.m in Sources */ = {isa = PBXBuildFile; fileRef = 4C189E2C207479590087EF01 /* DemoViewController.m */; };
/* End PBXBuildFile section */

/* Begin PBXContainerItemProxy section */
		4C189E0F207477290087EF01 /* PBXContainerItemProxy */ = {
			isa = PBXContainerItemProxy;
			containerPortal = 4C189DEE207477280087EF01 /* Project object */;
			proxyType = 1;
			remoteGlobalIDString = 4C189DF5207477290087EF01;
			remoteInfo = Lession01;
		};
		4C189E1A207477290087EF01 /* PBXContainerItemProxy */ = {
			isa = PBXContainerItemProxy;
			containerPortal = 4C189DEE207477280087EF01 /* Project object */;
			proxyType = 1;
			remoteGlobalIDString = 4C189DF5207477290087EF01;
			remoteInfo = Lession01;
		};
/* End PBXContainerItemProxy section */

/* Begin PBXFileReference section */
		4C189DF6207477290087EF01 /* Lession01.app */ = {isa = PBXFileReference; explicitFileType = wrapper.application; includeInIndex = 0; path = Lession01.app; sourceTree = BUILT_PRODUCTS_DIR; };
		4C189DF9207477290087EF01 /* AppDelegate.h */ = {isa = PBXFileReference; lastKnownFileType = sourcecode.c.h; path = AppDelegate.h; sourceTree = "<group>"; };
		4C189DFA207477290087EF01 /* AppDelegate.m */ = {isa = PBXFileReference; lastKnownFileType = sourcecode.c.objc; path = AppDelegate.m; sourceTree = "<group>"; };
		4C189DFC207477290087EF01 /* ViewController.h */ = {isa = PBXFileReference; lastKnownFileType = sourcecode.c.h; path = ViewController.h; sourceTree = "<group>"; };
		4C189DFD207477290087EF01 /* ViewController.m */ = {isa = PBXFileReference; lastKnownFileType = sourcecode.c.objc; path = ViewController.m; sourceTree = "<group>"; };
		4C189E00207477290087EF01 /* Base */ = {isa = PBXFileReference; lastKnownFileType = file.storyboard; name = Base; path = Base.lproj/Main.storyboard; sourceTree = "<group>"; };
		4C189E02207477290087EF01 /* Assets.xcassets */ = {isa = PBXFileReference; lastKnownFileType = folder.assetcatalog; path = Assets.xcassets; sourceTree = "<group>"; };
		4C189E05207477290087EF01 /* Base */ = {isa = PBXFileReference; lastKnownFileType = file.storyboard; name = Base; path = Base.lproj/LaunchScreen.storyboard; sourceTree = "<group>"; };
		4C189E07207477290087EF01 /* Info.plist */ = {isa = PBXFileReference; lastKnownFileType = text.plist.xml; path = Info.plist; sourceTree = "<group>"; };
		4C189E08207477290087EF01 /* main.m */ = {isa = PBXFileReference; lastKnownFileType = sourcecode.c.objc; path = main.m; sourceTree = "<group>"; };
		4C189E0E207477290087EF01 /* Lession01Tests.xctest */ = {isa = PBXFileReference; explicitFileType = wrapper.cfbundle; includeInIndex = 0; path = Lession01Tests.xctest; sourceTree = BUILT_PRODUCTS_DIR; };
		4C189E12207477290087EF01 /* Lession01Tests.m */ = {isa = PBXFileReference; lastKnownFileType = sourcecode.c.objc; path = Lession01Tests.m; sourceTree = "<group>"; };
		4C189E14207477290087EF01 /* Info.plist */ = {isa = PBXFileReference; lastKnownFileType = text.plist.xml; path = Info.plist; sourceTree = "<group>"; };
		4C189E19207477290087EF01 /* Lession01UITests.xctest */ = {isa = PBXFileReference; explicitFileType = wrapper.cfbundle; includeInIndex = 0; path = Lession01UITests.xctest; sourceTree = BUILT_PRODUCTS_DIR; };
		4C189E1D207477290087EF01 /* Lession01UITests.m */ = {isa = PBXFileReference; lastKnownFileType = sourcecode.c.objc; path = Lession01UITests.m; sourceTree = "<group>"; };
		4C189E1F207477290087EF01 /* Info.plist */ = {isa = PBXFileReference; lastKnownFileType = text.plist.xml; path = Info.plist; sourceTree = "<group>"; };
		4C189E2B207479590087EF01 /* DemoViewController.h */ = {isa = PBXFileReference; lastKnownFileType = sourcecode.c.h; path = DemoViewController.h; sourceTree = "<group>"; };
		4C189E2C207479590087EF01 /* DemoViewController.m */ = {isa = PBXFileReference; lastKnownFileType = sourcecode.c.objc; path = DemoViewController.m; sourceTree = "<group>"; };
/* End PBXFileReference section */

/* Begin PBXFrameworksBuildPhase section */
		4C189DF3207477290087EF01 /* Frameworks */ = {
			isa = PBXFrameworksBuildPhase;
			buildActionMask = 2147483647;
			files = (
			);
			runOnlyForDeploymentPostprocessing = 0;
		};
		4C189E0B207477290087EF01 /* Frameworks */ = {
			isa = PBXFrameworksBuildPhase;
			buildActionMask = 2147483647;
			files = (
			);
			runOnlyForDeploymentPostprocessing = 0;
		};
		4C189E16207477290087EF01 /* Frameworks */ = {
			isa = PBXFrameworksBuildPhase;
			buildActionMask = 2147483647;
			files = (
			);
			runOnlyForDeploymentPostprocessing = 0;
		};
/* End PBXFrameworksBuildPhase section */

/* Begin PBXGroup section */
		4C189DED207477280087EF01 = {
			isa = PBXGroup;
			children = (
				4C189DF8207477290087EF01 /* Lession01 */,
				4C189E11207477290087EF01 /* Lession01Tests */,
				4C189E1C207477290087EF01 /* Lession01UITests */,
				4C189DF7207477290087EF01 /* Products */,
			);
			sourceTree = "<group>";
		};
		4C189DF7207477290087EF01 /* Products */ = {
			isa = PBXGroup;
			children = (
				4C189DF6207477290087EF01 /* Lession01.app */,
				4C189E0E207477290087EF01 /* Lession01Tests.xctest */,
				4C189E19207477290087EF01 /* Lession01UITests.xctest */,
			);
			name = Products;
			sourceTree = "<group>";
		};
		4C189DF8207477290087EF01 /* Lession01 */ = {
			isa = PBXGroup;
			children = (
				4C189DF9207477290087EF01 /* AppDelegate.h */,
				4C189DFA207477290087EF01 /* AppDelegate.m */,
				4C189DFC207477290087EF01 /* ViewController.h */,
				4C189DFD207477290087EF01 /* ViewController.m */,
				4C189DFF207477290087EF01 /* Main.storyboard */,
				4C189E02207477290087EF01 /* Assets.xcassets */,
				4C189E04207477290087EF01 /* LaunchScreen.storyboard */,
				4C189E07207477290087EF01 /* Info.plist */,
				4C189E2B207479590087EF01 /* DemoViewController.h */,
				4C189E2C207479590087EF01 /* DemoViewController.m */,
				4C189E08207477290087EF01 /* main.m */,
			);
			path = Lession01;
			sourceTree = "<group>";
		};
		4C189E11207477290087EF01 /* Lession01Tests */ = {
			isa = PBXGroup;
			children = (
				4C189E12207477290087EF01 /* Lession01Tests.m */,
				4C189E14207477290087EF01 /* Info.plist */,
			);
			path = Lession01Tests;
			sourceTree = "<group>";
		};
		4C189E1C207477290087EF01 /* Lession01UITests */ = {
			isa = PBXGroup;
			children = (
				4C189E1D207477290087EF01 /* Lession01UITests.m */,
				4C189E1F207477290087EF01 /* Info.plist */,
			);
			path = Lession01UITests;
			sourceTree = "<group>";
		};
/* End PBXGroup section */

/* Begin PBXNativeTarget section */
		4C189DF5207477290087EF01 /* Lession01 */ = {
			isa = PBXNativeTarget;
			buildConfigurationList = 4C189E22207477290087EF01 /* Build configuration list for PBXNativeTarget "Lession01" */;
			buildPhases = (
				4C189DF2207477290087EF01 /* Sources */,
				4C189DF3207477290087EF01 /* Frameworks */,
				4C189DF4207477290087EF01 /* Resources */,
			);
			buildRules = (
			);
			dependencies = (
			);
			name = Lession01;
			productName = Lession01;
			productReference = 4C189DF6207477290087EF01 /* Lession01.app */;
			productType = "com.apple.product-type.application";
		};
		4C189E0D207477290087EF01 /* Lession01Tests */ = {
			isa = PBXNativeTarget;
			buildConfigurationList = 4C189E25207477290087EF01 /* Build configuration list for PBXNativeTarget "Lession01Tests" */;
			buildPhases = (
				4C189E0A207477290087EF01 /* Sources */,
				4C189E0B207477290087EF01 /* Frameworks */,
				4C189E0C207477290087EF01 /* Resources */,
			);
			buildRules = (
			);
			dependencies = (
				4C189E10207477290087EF01 /* PBXTargetDependency */,
			);
			name = Lession01Tests;
			productName = Lession01Tests;
			productReference = 4C189E0E207477290087EF01 /* Lession01Tests.xctest */;
			productType = "com.apple.product-type.bundle.unit-test";
		};
		4C189E18207477290087EF01 /* Lession01UITests */ = {
			isa = PBXNativeTarget;
			buildConfigurationList = 4C189E28207477290087EF01 /* Build configuration list for PBXNativeTarget "Lession01UITests" */;
			buildPhases = (
				4C189E15207477290087EF01 /* Sources */,
				4C189E16207477290087EF01 /* Frameworks */,
				4C189E17207477290087EF01 /* Resources */,
			);
			buildRules = (
			);
			dependencies = (
				4C189E1B207477290087EF01 /* PBXTargetDependency */,
			);
			name = Lession01UITests;
			productName = Lession01UITests;
			productReference = 4C189E19207477290087EF01 /* Lession01UITests.xctest */;
			productType = "com.apple.product-type.bundle.ui-testing";
		};
/* End PBXNativeTarget section */

/* Begin PBXProject section */
		4C189DEE207477280087EF01 /* Project object */ = {
			isa = PBXProject;
			attributes = {
				LastUpgradeCheck = 0910;
				ORGANIZATIONNAME = "Nguyen Xuan Hung";
				TargetAttributes = {
					4C189DF5207477290087EF01 = {
						CreatedOnToolsVersion = 9.1;
						ProvisioningStyle = Automatic;
					};
					4C189E0D207477290087EF01 = {
						CreatedOnToolsVersion = 9.1;
						ProvisioningStyle = Automatic;
						TestTargetID = 4C189DF5207477290087EF01;
					};
					4C189E18207477290087EF01 = {
						CreatedOnToolsVersion = 9.1;
						ProvisioningStyle = Automatic;
						TestTargetID = 4C189DF5207477290087EF01;
					};
				};
			};
			buildConfigurationList = 4C189DF1207477280087EF01 /* Build configuration list for PBXProject "Lession01" */;
			compatibilityVersion = "Xcode 8.0";
			developmentRegion = en;
			hasScannedForEncodings = 0;
			knownRegions = (
				en,
				Base,
			);
			mainGroup = 4C189DED207477280087EF01;
			productRefGroup = 4C189DF7207477290087EF01 /* Products */;
			projectDirPath = "";
			projectRoot = "";
			targets = (
				4C189DF5207477290087EF01 /* Lession01 */,
				4C189E0D207477290087EF01 /* Lession01Tests */,
				4C189E18207477290087EF01 /* Lession01UITests */,
			);
		};
/* End PBXProject section */

/* Begin PBXResourcesBuildPhase section */
		4C189DF4207477290087EF01 /* Resources */ = {
			isa = PBXResourcesBuildPhase;
			buildActionMask = 2147483647;
			files = (
				4C189E06207477290087EF01 /* LaunchScreen.storyboard in Resources */,
				4C189E03207477290087EF01 /* Assets.xcassets in Resources */,
				4C189E01207477290087EF01 /* Main.storyboard in Resources */,
			);
			runOnlyForDeploymentPostprocessing = 0;
		};
		4C189E0C207477290087EF01 /* Resources */ = {
			isa = PBXResourcesBuildPhase;
			buildActionMask = 2147483647;
			files = (
			);
			runOnlyForDeploymentPostprocessing = 0;
		};
		4C189E17207477290087EF01 /* Resources */ = {
			isa = PBXResourcesBuildPhase;
			buildActionMask = 2147483647;
			files = (
			);
			runOnlyForDeploymentPostprocessing = 0;
		};
/* End PBXResourcesBuildPhase section */

/* Begin PBXSourcesBuildPhase section */
		4C189DF2207477290087EF01 /* Sources */ = {
			isa = PBXSourcesBuildPhase;
			buildActionMask = 2147483647;
			files = (
				4C189DFE207477290087EF01 /* ViewController.m in Sources */,
				4C189E09207477290087EF01 /* main.m in Sources */,
				4C189DFB207477290087EF01 /* AppDelegate.m in Sources */,
				4C189E2D207479590087EF01 /* DemoViewController.m in Sources */,
			);
			runOnlyForDeploymentPostprocessing = 0;
		};
		4C189E0A207477290087EF01 /* Sources */ = {
			isa = PBXSourcesBuildPhase;
			buildActionMask = 2147483647;
			files = (
				4C189E13207477290087EF01 /* Lession01Tests.m in Sources */,
			);
			runOnlyForDeploymentPostprocessing = 0;
		};
		4C189E15207477290087EF01 /* Sources */ = {
			isa = PBXSourcesBuildPhase;
			buildActionMask = 2147483647;
			files = (
				4C189E1E207477290087EF01 /* Lession01UITests.m in Sources */,
			);
			runOnlyForDeploymentPostprocessing = 0;
		};
/* End PBXSourcesBuildPhase section */

/* Begin PBXTargetDependency section */
		4C189E10207477290087EF01 /* PBXTargetDependency */ = {
			isa = PBXTargetDependency;
			target = 4C189DF5207477290087EF01 /* Lession01 */;
			targetProxy = 4C189E0F207477290087EF01 /* PBXContainerItemProxy */;
		};
		4C189E1B207477290087EF01 /* PBXTargetDependency */ = {
			isa = PBXTargetDependency;
			target = 4C189DF5207477290087EF01 /* Lession01 */;
			targetProxy = 4C189E1A207477290087EF01 /* PBXContainerItemProxy */;
		};
/* End PBXTargetDependency section */

/* Begin PBXVariantGroup section */
		4C189DFF207477290087EF01 /* Main.storyboard */ = {
			isa = PBXVariantGroup;
			children = (
				4C189E00207477290087EF01 /* Base */,
			);
			name = Main.storyboard;
			sourceTree = "<group>";
		};
		4C189E04207477290087EF01 /* LaunchScreen.storyboard */ = {
			isa = PBXVariantGroup;
			children = (
				4C189E05207477290087EF01 /* Base */,
			);
			name = LaunchScreen.storyboard;
			sourceTree = "<group>";
		};
/* End PBXVariantGroup section */

/* Begin XCBuildConfiguration section */
		4C189E20207477290087EF01 /* Debug */ = {
			isa = XCBuildConfiguration;
			buildSettings = {
				ALWAYS_SEARCH_USER_PATHS = NO;
				CLANG_ANALYZER_NONNULL = YES;
				CLANG_ANALYZER_NUMBER_OBJECT_CONVERSION = YES_AGGRESSIVE;
				CLANG_CXX_LANGUAGE_STANDARD = "gnu++14";
				CLANG_CXX_LIBRARY = "libc++";
				CLANG_ENABLE_MODULES = YES;
				CLANG_ENABLE_OBJC_ARC = YES;
				CLANG_WARN_BLOCK_CAPTURE_AUTORELEASING = YES;
				CLANG_WARN_BOOL_CONVERSION = YES;
				CLANG_WARN_COMMA = YES;
				CLANG_WARN_CONSTANT_CONVERSION = YES;
				CLANG_WARN_DIRECT_OBJC_ISA_USAGE = YES_ERROR;
				CLANG_WARN_DOCUMENTATION_COMMENTS = YES;
				CLANG_WARN_EMPTY_BODY = YES;
				CLANG_WARN_ENUM_CONVERSION = YES;
				CLANG_WARN_INFINITE_RECURSION = YES;
				CLANG_WARN_INT_CONVERSION = YES;
				CLANG_WARN_NON_LITERAL_NULL_CONVERSION = YES;
				CLANG_WARN_OBJC_LITERAL_CONVERSION = YES;
				CLANG_WARN_OBJC_ROOT_CLASS = YES_ERROR;
				CLANG_WARN_RANGE_LOOP_ANALYSIS = YES;
				CLANG_WARN_STRICT_PROTOTYPES = YES;
				CLANG_WARN_SUSPICIOUS_MOVE = YES;
				CLANG_WARN_UNGUARDED_AVAILABILITY = YES_AGGRESSIVE;
				CLANG_WARN_UNREACHABLE_CODE = YES;
				CLANG_WARN__DUPLICATE_METHOD_MATCH = YES;
				CODE_SIGN_IDENTITY = "iPhone Developer";
				COPY_PHASE_STRIP = NO;
				DEBUG_INFORMATION_FORMAT = dwarf;
				ENABLE_STRICT_OBJC_MSGSEND = YES;
				ENABLE_TESTABILITY = YES;
				GCC_C_LANGUAGE_STANDARD = gnu11;
				GCC_DYNAMIC_NO_PIC = NO;
				GCC_NO_COMMON_BLOCKS = YES;
				GCC_OPTIMIZATION_LEVEL = 0;
				GCC_PREPROCESSOR_DEFINITIONS = (
					"DEBUG=1",
					"$(inherited)",
				);
				GCC_WARN_64_TO_32_BIT_CONVERSION = YES;
				GCC_WARN_ABOUT_RETURN_TYPE = YES_ERROR;
				GCC_WARN_UNDECLARED_SELECTOR = YES;
				GCC_WARN_UNINITIALIZED_AUTOS = YES_AGGRESSIVE;
				GCC_WARN_UNUSED_FUNCTION = YES;
				GCC_WARN_UNUSED_VARIABLE = YES;
				IPHONEOS_DEPLOYMENT_TARGET = 11.1;
				MTL_ENABLE_DEBUG_INFO = YES;
				ONLY_ACTIVE_ARCH = YES;
				SDKROOT = iphoneos;
			};
			name = Debug;
		};
		4C189E21207477290087EF01 /* Release */ = {
			isa = XCBuildConfiguration;
			buildSettings = {
				ALWAYS_SEARCH_USER_PATHS = NO;
				CLANG_ANALYZER_NONNULL = YES;
				CLANG_ANALYZER_NUMBER_OBJECT_CONVERSION = YES_AGGRESSIVE;
				CLANG_CXX_LANGUAGE_STANDARD = "gnu++14";
				CLANG_CXX_LIBRARY = "libc++";
				CLANG_ENABLE_MODULES = YES;
				CLANG_ENABLE_OBJC_ARC = YES;
				CLANG_WARN_BLOCK_CAPTURE_AUTORELEASING = YES;
				CLANG_WARN_BOOL_CONVERSION = YES;
				CLANG_WARN_COMMA = YES;
				CLANG_WARN_CONSTANT_CONVERSION = YES;
				CLANG_WARN_DIRECT_OBJC_ISA_USAGE = YES_ERROR;
				CLANG_WARN_DOCUMENTATION_COMMENTS = YES;
				CLANG_WARN_EMPTY_BODY = YES;
				CLANG_WARN_ENUM_CONVERSION = YES;
				CLANG_WARN_INFINITE_RECURSION = YES;
				CLANG_WARN_INT_CONVERSION = YES;
				CLANG_WARN_NON_LITERAL_NULL_CONVERSION = YES;
				CLANG_WARN_OBJC_LITERAL_CONVERSION = YES;
				CLANG_WARN_OBJC_ROOT_CLASS = YES_ERROR;
				CLANG_WARN_RANGE_LOOP_ANALYSIS = YES;
				CLANG_WARN_STRICT_PROTOTYPES = YES;
				CLANG_WARN_SUSPICIOUS_MOVE = YES;
				CLANG_WARN_UNGUARDED_AVAILABILITY = YES_AGGRESSIVE;
				CLANG_WARN_UNREACHABLE_CODE = YES;
				CLANG_WARN__DUPLICATE_METHOD_MATCH = YES;
				CODE_SIGN_IDENTITY = "iPhone Developer";
				COPY_PHASE_STRIP = NO;
				DEBUG_INFORMATION_FORMAT = "dwarf-with-dsym";
				ENABLE_NS_ASSERTIONS = NO;
				ENABLE_STRICT_OBJC_MSGSEND = YES;
				GCC_C_LANGUAGE_STANDARD = gnu11;
				GCC_NO_COMMON_BLOCKS = YES;
				GCC_WARN_64_TO_32_BIT_CONVERSION = YES;
				GCC_WARN_ABOUT_RETURN_TYPE = YES_ERROR;
				GCC_WARN_UNDECLARED_SELECTOR = YES;
				GCC_WARN_UNINITIALIZED_AUTOS = YES_AGGRESSIVE;
				GCC_WARN_UNUSED_FUNCTION = YES;
				GCC_WARN_UNUSED_VARIABLE = YES;
				IPHONEOS_DEPLOYMENT_TARGET = 11.1;
				MTL_ENABLE_DEBUG_INFO = NO;
				SDKROOT = iphoneos;
				VALIDATE_PRODUCT = YES;
			};
			name = Release;
		};
		4C189E23207477290087EF01 /* Debug */ = {
			isa = XCBuildConfiguration;
			buildSettings = {
				ASSETCATALOG_COMPILER_APPICON_NAME = AppIcon;
				CODE_SIGN_STYLE = Automatic;
				DEVELOPMENT_TEAM = MF396VKW87;
				INFOPLIST_FILE = Lession01/Info.plist;
				LD_RUNPATH_SEARCH_PATHS = "$(inherited) @executable_path/Frameworks";
				PRODUCT_BUNDLE_IDENTIFIER = test.Lession01;
				PRODUCT_NAME = "$(TARGET_NAME)";
				TARGETED_DEVICE_FAMILY = "1,2";
			};
			name = Debug;
		};
		4C189E24207477290087EF01 /* Release */ = {
			isa = XCBuildConfiguration;
			buildSettings = {
				ASSETCATALOG_COMPILER_APPICON_NAME = AppIcon;
				CODE_SIGN_STYLE = Automatic;
				DEVELOPMENT_TEAM = MF396VKW87;
				INFOPLIST_FILE = Lession01/Info.plist;
				LD_RUNPATH_SEARCH_PATHS = "$(inherited) @executable_path/Frameworks";
				PRODUCT_BUNDLE_IDENTIFIER = test.Lession01;
				PRODUCT_NAME = "$(TARGET_NAME)";
				TARGETED_DEVICE_FAMILY = "1,2";
			};
			name = Release;
		};
		4C189E26207477290087EF01 /* Debug */ = {
			isa = XCBuildConfiguration;
			buildSettings = {
				BUNDLE_LOADER = "$(TEST_HOST)";
				CODE_SIGN_STYLE = Automatic;
				DEVELOPMENT_TEAM = MF396VKW87;
				INFOPLIST_FILE = Lession01Tests/Info.plist;
				LD_RUNPATH_SEARCH_PATHS = "$(inherited) @executable_path/Frameworks @loader_path/Frameworks";
				PRODUCT_BUNDLE_IDENTIFIER = test.Lession01Tests;
				PRODUCT_NAME = "$(TARGET_NAME)";
				TARGETED_DEVICE_FAMILY = "1,2";
				TEST_HOST = "$(BUILT_PRODUCTS_DIR)/Lession01.app/Lession01";
			};
			name = Debug;
		};
		4C189E27207477290087EF01 /* Release */ = {
			isa = XCBuildConfiguration;
			buildSettings = {
				BUNDLE_LOADER = "$(TEST_HOST)";
				CODE_SIGN_STYLE = Automatic;
				DEVELOPMENT_TEAM = MF396VKW87;
				INFOPLIST_FILE = Lession01Tests/Info.plist;
				LD_RUNPATH_SEARCH_PATHS = "$(inherited) @executable_path/Frameworks @loader_path/Frameworks";
				PRODUCT_BUNDLE_IDENTIFIER = test.Lession01Tests;
				PRODUCT_NAME = "$(TARGET_NAME)";
				TARGETED_DEVICE_FAMILY = "1,2";
				TEST_HOST = "$(BUILT_PRODUCTS_DIR)/Lession01.app/Lession01";
			};
			name = Release;
		};
		4C189E29207477290087EF01 /* Debug */ = {
			isa = XCBuildConfiguration;
			buildSettings = {
				CODE_SIGN_STYLE = Automatic;
				DEVELOPMENT_TEAM = MF396VKW87;
				INFOPLIST_FILE = Lession01UITests/Info.plist;
				LD_RUNPATH_SEARCH_PATHS = "$(inherited) @executable_path/Frameworks @loader_path/Frameworks";
				PRODUCT_BUNDLE_IDENTIFIER = test.Lession01UITests;
				PRODUCT_NAME = "$(TARGET_NAME)";
				TARGETED_DEVICE_FAMILY = "1,2";
				TEST_TARGET_NAME = Lession01;
			};
			name = Debug;
		};
		4C189E2A207477290087EF01 /* Release */ = {
			isa = XCBuildConfiguration;
			buildSettings = {
				CODE_SIGN_STYLE = Automatic;
				DEVELOPMENT_TEAM = MF396VKW87;
				INFOPLIST_FILE = Lession01UITests/Info.plist;
				LD_RUNPATH_SEARCH_PATHS = "$(inherited) @executable_path/Frameworks @loader_path/Frameworks";
				PRODUCT_BUNDLE_IDENTIFIER = test.Lession01UITests;
				PRODUCT_NAME = "$(TARGET_NAME)";
				TARGETED_DEVICE_FAMILY = "1,2";
				TEST_TARGET_NAME = Lession01;
			};
			name = Release;
		};
/* End XCBuildConfiguration section */

/* Begin XCConfigurationList section */
		4C189DF1207477280087EF01 /* Build configuration list for PBXProject "Lession01" */ = {
			isa = XCConfigurationList;
			buildConfigurations = (
				4C189E20207477290087EF01 /* Debug */,
				4C189E21207477290087EF01 /* Release */,
			);
			defaultConfigurationIsVisible = 0;
			defaultConfigurationName = Release;
		};
		4C189E22207477290087EF01 /* Build configuration list for PBXNativeTarget "Lession01" */ = {
			isa = XCConfigurationList;
			buildConfigurations = (
				4C189E23207477290087EF01 /* Debug */,
				4C189E24207477290087EF01 /* Release */,
			);
			defaultConfigurationIsVisible = 0;
			defaultConfigurationName = Release;
		};
		4C189E25207477290087EF01 /* Build configuration list for PBXNativeTarget "Lession01Tests" */ = {
			isa = XCConfigurationList;
			buildConfigurations = (
				4C189E26207477290087EF01 /* Debug */,
				4C189E27207477290087EF01 /* Release */,
			);
			defaultConfigurationIsVisible = 0;
			defaultConfigurationName = Release;
		};
		4C189E28207477290087EF01 /* Build configuration list for PBXNativeTarget "Lession01UITests" */ = {
			isa = XCConfigurationList;
			buildConfigurations = (
				4C189E29207477290087EF01 /* Debug */,
				4C189E2A207477290087EF01 /* Release */,
			);
			defaultConfigurationIsVisible = 0;
			defaultConfigurationName = Release;
		};
/* End XCConfigurationList section */
	};
	rootObject = 4C189DEE207477280087EF01 /* Project object */;
}
